// !$*UTF8*$!
{
	archiveVersion = 1;
	classes = {
	};
	objectVersion = 48;
	objects = {

/* Begin PBXBuildFile section */
		0F301D71200846A900D1FACA /* GameScene+PropertyList.swift in Sources */ = {isa = PBXBuildFile; fileRef = 0F301D70200846A900D1FACA /* GameScene+PropertyList.swift */; };
		0F301D72200846A900D1FACA /* GameScene+PropertyList.swift in Sources */ = {isa = PBXBuildFile; fileRef = 0F301D70200846A900D1FACA /* GameScene+PropertyList.swift */; };
		0F301D742008475100D1FACA /* GameScene+Update.swift in Sources */ = {isa = PBXBuildFile; fileRef = 0F301D732008475100D1FACA /* GameScene+Update.swift */; };
		0F301D752008475100D1FACA /* GameScene+Update.swift in Sources */ = {isa = PBXBuildFile; fileRef = 0F301D732008475100D1FACA /* GameScene+Update.swift */; };
		0F301D772008478B00D1FACA /* GameScene+Touches.swift in Sources */ = {isa = PBXBuildFile; fileRef = 0F301D762008478B00D1FACA /* GameScene+Touches.swift */; };
		0F301D782008478B00D1FACA /* GameScene+Touches.swift in Sources */ = {isa = PBXBuildFile; fileRef = 0F301D762008478B00D1FACA /* GameScene+Touches.swift */; };
		0F346D6220072ADF00C2002C /* BoardData.plist in Resources */ = {isa = PBXBuildFile; fileRef = 0F346D6120072ADF00C2002C /* BoardData.plist */; };
		0F346D6320072ADF00C2002C /* BoardData.plist in Resources */ = {isa = PBXBuildFile; fileRef = 0F346D6120072ADF00C2002C /* BoardData.plist */; };
		0F67D1872007193200B52CEE /* AppDelegate.swift in Sources */ = {isa = PBXBuildFile; fileRef = 0F67D1862007193200B52CEE /* AppDelegate.swift */; };
		0F67D1922007193200B52CEE /* Main.storyboard in Resources */ = {isa = PBXBuildFile; fileRef = 0F67D1902007193200B52CEE /* Main.storyboard */; };
		0F67D1942007193200B52CEE /* Assets.xcassets in Resources */ = {isa = PBXBuildFile; fileRef = 0F67D1932007193200B52CEE /* Assets.xcassets */; };
		0F67D1972007193200B52CEE /* LaunchScreen.storyboard in Resources */ = {isa = PBXBuildFile; fileRef = 0F67D1952007193200B52CEE /* LaunchScreen.storyboard */; };
		0F67D1A520071CDE00B52CEE /* AppDelegate.swift in Sources */ = {isa = PBXBuildFile; fileRef = 0F67D1A420071CDE00B52CEE /* AppDelegate.swift */; };
		0F67D1A720071CDE00B52CEE /* GameSceneTV.sks in Resources */ = {isa = PBXBuildFile; fileRef = 0F67D1A620071CDE00B52CEE /* GameSceneTV.sks */; };
		0F67D1AB20071CDE00B52CEE /* GameScene.swift in Sources */ = {isa = PBXBuildFile; fileRef = 0F67D1AA20071CDE00B52CEE /* GameScene.swift */; };
		0F67D1AD20071CDE00B52CEE /* GameViewController.swift in Sources */ = {isa = PBXBuildFile; fileRef = 0F67D1AC20071CDE00B52CEE /* GameViewController.swift */; };
		0F67D1B020071CDE00B52CEE /* Main.storyboard in Resources */ = {isa = PBXBuildFile; fileRef = 0F67D1AE20071CDE00B52CEE /* Main.storyboard */; };
		0F67D1B220071CDE00B52CEE /* Assets.xcassets in Resources */ = {isa = PBXBuildFile; fileRef = 0F67D1B120071CDE00B52CEE /* Assets.xcassets */; };
		0F67D1B820071F6000B52CEE /* GameScenePhone.sks in Resources */ = {isa = PBXBuildFile; fileRef = 0F67D1B720071F6000B52CEE /* GameScenePhone.sks */; };
		0F67D1BA20071F7100B52CEE /* GameScenePad.sks in Resources */ = {isa = PBXBuildFile; fileRef = 0F67D1B920071F7100B52CEE /* GameScenePad.sks */; };
		0F67D1BB20071FB800B52CEE /* GameScene.swift in Sources */ = {isa = PBXBuildFile; fileRef = 0F67D1AA20071CDE00B52CEE /* GameScene.swift */; };
		0F67D1BC20071FB800B52CEE /* GameViewController.swift in Sources */ = {isa = PBXBuildFile; fileRef = 0F67D1AC20071CDE00B52CEE /* GameViewController.swift */; };
		0F67D1BE20071FD900B52CEE /* Game.xcassets in Resources */ = {isa = PBXBuildFile; fileRef = 0F67D1BD20071FD900B52CEE /* Game.xcassets */; };
		0F67D1BF20071FEC00B52CEE /* Game.xcassets in Resources */ = {isa = PBXBuildFile; fileRef = 0F67D1BD20071FD900B52CEE /* Game.xcassets */; };
/* End PBXBuildFile section */

/* Begin PBXFileReference section */
		0F301D70200846A900D1FACA /* GameScene+PropertyList.swift */ = {isa = PBXFileReference; lastKnownFileType = sourcecode.swift; path = "GameScene+PropertyList.swift"; sourceTree = "<group>"; };
		0F301D732008475100D1FACA /* GameScene+Update.swift */ = {isa = PBXFileReference; lastKnownFileType = sourcecode.swift; path = "GameScene+Update.swift"; sourceTree = "<group>"; };
		0F301D762008478B00D1FACA /* GameScene+Touches.swift */ = {isa = PBXFileReference; lastKnownFileType = sourcecode.swift; path = "GameScene+Touches.swift"; sourceTree = "<group>"; };
		0F346D6120072ADF00C2002C /* BoardData.plist */ = {isa = PBXFileReference; lastKnownFileType = text.plist.xml; path = BoardData.plist; sourceTree = "<group>"; };
		0F67D1832007193200B52CEE /* CardAndBoardGames.app */ = {isa = PBXFileReference; explicitFileType = wrapper.application; includeInIndex = 0; path = CardAndBoardGames.app; sourceTree = BUILT_PRODUCTS_DIR; };
		0F67D1862007193200B52CEE /* AppDelegate.swift */ = {isa = PBXFileReference; lastKnownFileType = sourcecode.swift; path = AppDelegate.swift; sourceTree = "<group>"; };
		0F67D1912007193200B52CEE /* Base */ = {isa = PBXFileReference; lastKnownFileType = file.storyboard; name = Base; path = Base.lproj/Main.storyboard; sourceTree = "<group>"; };
		0F67D1932007193200B52CEE /* Assets.xcassets */ = {isa = PBXFileReference; lastKnownFileType = folder.assetcatalog; path = Assets.xcassets; sourceTree = "<group>"; };
		0F67D1962007193200B52CEE /* Base */ = {isa = PBXFileReference; lastKnownFileType = file.storyboard; name = Base; path = Base.lproj/LaunchScreen.storyboard; sourceTree = "<group>"; };
		0F67D1982007193200B52CEE /* Info.plist */ = {isa = PBXFileReference; lastKnownFileType = text.plist.xml; path = Info.plist; sourceTree = "<group>"; };
		0F67D1A220071CDE00B52CEE /* CardAndBoardGamesTV.app */ = {isa = PBXFileReference; explicitFileType = wrapper.application; includeInIndex = 0; path = CardAndBoardGamesTV.app; sourceTree = BUILT_PRODUCTS_DIR; };
		0F67D1A420071CDE00B52CEE /* AppDelegate.swift */ = {isa = PBXFileReference; lastKnownFileType = sourcecode.swift; path = AppDelegate.swift; sourceTree = "<group>"; };
		0F67D1A620071CDE00B52CEE /* GameSceneTV.sks */ = {isa = PBXFileReference; lastKnownFileType = file.sks; path = GameSceneTV.sks; sourceTree = "<group>"; };
		0F67D1AA20071CDE00B52CEE /* GameScene.swift */ = {isa = PBXFileReference; lastKnownFileType = sourcecode.swift; path = GameScene.swift; sourceTree = "<group>"; };
		0F67D1AC20071CDE00B52CEE /* GameViewController.swift */ = {isa = PBXFileReference; lastKnownFileType = sourcecode.swift; path = GameViewController.swift; sourceTree = "<group>"; };
		0F67D1AF20071CDE00B52CEE /* Base */ = {isa = PBXFileReference; lastKnownFileType = file.storyboard; name = Base; path = Base.lproj/Main.storyboard; sourceTree = "<group>"; };
		0F67D1B120071CDE00B52CEE /* Assets.xcassets */ = {isa = PBXFileReference; lastKnownFileType = folder.assetcatalog; path = Assets.xcassets; sourceTree = "<group>"; };
		0F67D1B320071CDE00B52CEE /* Info.plist */ = {isa = PBXFileReference; lastKnownFileType = text.plist.xml; path = Info.plist; sourceTree = "<group>"; };
		0F67D1B720071F6000B52CEE /* GameScenePhone.sks */ = {isa = PBXFileReference; lastKnownFileType = file.sks; path = GameScenePhone.sks; sourceTree = "<group>"; };
		0F67D1B920071F7100B52CEE /* GameScenePad.sks */ = {isa = PBXFileReference; lastKnownFileType = file.sks; path = GameScenePad.sks; sourceTree = "<group>"; };
		0F67D1BD20071FD900B52CEE /* Game.xcassets */ = {isa = PBXFileReference; lastKnownFileType = folder.assetcatalog; path = Game.xcassets; sourceTree = "<group>"; };
/* End PBXFileReference section */

/* Begin PBXFrameworksBuildPhase section */
		0F67D1802007193200B52CEE /* Frameworks */ = {
			isa = PBXFrameworksBuildPhase;
			buildActionMask = 2147483647;
			files = (
			);
			runOnlyForDeploymentPostprocessing = 0;
		};
		0F67D19F20071CDE00B52CEE /* Frameworks */ = {
			isa = PBXFrameworksBuildPhase;
			buildActionMask = 2147483647;
			files = (
			);
			runOnlyForDeploymentPostprocessing = 0;
		};
/* End PBXFrameworksBuildPhase section */

/* Begin PBXGroup section */
		0F67D17A2007193200B52CEE = {
			isa = PBXGroup;
			children = (
				0F67D1C3200720BA00B52CEE /* Code */,
				0F67D1C02007201A00B52CEE /* SceneFiles */,
				0F67D1BD20071FD900B52CEE /* Game.xcassets */,
				0F67D1852007193200B52CEE /* CardAndBoardGames */,
				0F67D1A320071CDE00B52CEE /* CardAndBoardGamesTV */,
				0F67D1842007193200B52CEE /* Products */,
			);
			sourceTree = "<group>";
		};
		0F67D1842007193200B52CEE /* Products */ = {
			isa = PBXGroup;
			children = (
				0F67D1832007193200B52CEE /* CardAndBoardGames.app */,
				0F67D1A220071CDE00B52CEE /* CardAndBoardGamesTV.app */,
			);
			name = Products;
			sourceTree = "<group>";
		};
		0F67D1852007193200B52CEE /* CardAndBoardGames */ = {
			isa = PBXGroup;
			children = (
				0F67D1C2200720A900B52CEE /* SupportingFiles */,
				0F67D1932007193200B52CEE /* Assets.xcassets */,
			);
			path = CardAndBoardGames;
			sourceTree = "<group>";
		};
		0F67D1A320071CDE00B52CEE /* CardAndBoardGamesTV */ = {
			isa = PBXGroup;
			children = (
				0F67D1C12007206B00B52CEE /* SupportingFiles */,
				0F67D1B120071CDE00B52CEE /* Assets.xcassets */,
			);
			path = CardAndBoardGamesTV;
			sourceTree = "<group>";
		};
		0F67D1C02007201A00B52CEE /* SceneFiles */ = {
			isa = PBXGroup;
			children = (
				0F67D1A620071CDE00B52CEE /* GameSceneTV.sks */,
				0F67D1B720071F6000B52CEE /* GameScenePhone.sks */,
				0F67D1B920071F7100B52CEE /* GameScenePad.sks */,
			);
			path = SceneFiles;
			sourceTree = "<group>";
		};
		0F67D1C12007206B00B52CEE /* SupportingFiles */ = {
			isa = PBXGroup;
			children = (
				0F67D1A420071CDE00B52CEE /* AppDelegate.swift */,
				0F67D1AE20071CDE00B52CEE /* Main.storyboard */,
				0F67D1B320071CDE00B52CEE /* Info.plist */,
			);
			path = SupportingFiles;
			sourceTree = "<group>";
		};
		0F67D1C2200720A900B52CEE /* SupportingFiles */ = {
			isa = PBXGroup;
			children = (
				0F67D1862007193200B52CEE /* AppDelegate.swift */,
				0F67D1902007193200B52CEE /* Main.storyboard */,
				0F67D1952007193200B52CEE /* LaunchScreen.storyboard */,
				0F67D1982007193200B52CEE /* Info.plist */,
			);
			path = SupportingFiles;
			sourceTree = "<group>";
		};
		0F67D1C3200720BA00B52CEE /* Code */ = {
			isa = PBXGroup;
			children = (
				0F67D1AC20071CDE00B52CEE /* GameViewController.swift */,
				0F67D1AA20071CDE00B52CEE /* GameScene.swift */,
				0F301D70200846A900D1FACA /* GameScene+PropertyList.swift */,
				0F301D762008478B00D1FACA /* GameScene+Touches.swift */,
				0F301D732008475100D1FACA /* GameScene+Update.swift */,
				0F346D6120072ADF00C2002C /* BoardData.plist */,
			);
			path = Code;
			sourceTree = "<group>";
		};
/* End PBXGroup section */

/* Begin PBXNativeTarget section */
		0F67D1822007193200B52CEE /* CardAndBoardGames */ = {
			isa = PBXNativeTarget;
			buildConfigurationList = 0F67D19B2007193200B52CEE /* Build configuration list for PBXNativeTarget "CardAndBoardGames" */;
			buildPhases = (
				0F67D17F2007193200B52CEE /* Sources */,
				0F67D1802007193200B52CEE /* Frameworks */,
				0F67D1812007193200B52CEE /* Resources */,
			);
			buildRules = (
			);
			dependencies = (
			);
			name = CardAndBoardGames;
			productName = CardAndBoardGames;
			productReference = 0F67D1832007193200B52CEE /* CardAndBoardGames.app */;
			productType = "com.apple.product-type.application";
		};
		0F67D1A120071CDE00B52CEE /* CardAndBoardGamesTV */ = {
			isa = PBXNativeTarget;
			buildConfigurationList = 0F67D1B420071CDE00B52CEE /* Build configuration list for PBXNativeTarget "CardAndBoardGamesTV" */;
			buildPhases = (
				0F67D19E20071CDE00B52CEE /* Sources */,
				0F67D19F20071CDE00B52CEE /* Frameworks */,
				0F67D1A020071CDE00B52CEE /* Resources */,
			);
			buildRules = (
			);
			dependencies = (
			);
			name = CardAndBoardGamesTV;
			productName = CardAndBoardGamesTV;
			productReference = 0F67D1A220071CDE00B52CEE /* CardAndBoardGamesTV.app */;
			productType = "com.apple.product-type.application";
		};
/* End PBXNativeTarget section */

/* Begin PBXProject section */
		0F67D17B2007193200B52CEE /* Project object */ = {
			isa = PBXProject;
			attributes = {
				LastSwiftUpdateCheck = 0920;
				LastUpgradeCheck = 0920;
				ORGANIZATIONNAME = "Eric Milhizer";
				TargetAttributes = {
					0F67D1822007193200B52CEE = {
						CreatedOnToolsVersion = 9.2;
						ProvisioningStyle = Automatic;
					};
					0F67D1A120071CDE00B52CEE = {
						CreatedOnToolsVersion = 9.2;
						ProvisioningStyle = Automatic;
					};
				};
			};
			buildConfigurationList = 0F67D17E2007193200B52CEE /* Build configuration list for PBXProject "CardAndBoardGames" */;
			compatibilityVersion = "Xcode 8.0";
			developmentRegion = en;
			hasScannedForEncodings = 0;
			knownRegions = (
				en,
				Base,
			);
			mainGroup = 0F67D17A2007193200B52CEE;
			productRefGroup = 0F67D1842007193200B52CEE /* Products */;
			projectDirPath = "";
			projectRoot = "";
			targets = (
				0F67D1822007193200B52CEE /* CardAndBoardGames */,
				0F67D1A120071CDE00B52CEE /* CardAndBoardGamesTV */,
			);
		};
/* End PBXProject section */

/* Begin PBXResourcesBuildPhase section */
		0F67D1812007193200B52CEE /* Resources */ = {
			isa = PBXResourcesBuildPhase;
			buildActionMask = 2147483647;
			files = (
				0F67D1BF20071FEC00B52CEE /* Game.xcassets in Resources */,
				0F346D6220072ADF00C2002C /* BoardData.plist in Resources */,
				0F67D1922007193200B52CEE /* Main.storyboard in Resources */,
				0F67D1942007193200B52CEE /* Assets.xcassets in Resources */,
				0F67D1972007193200B52CEE /* LaunchScreen.storyboard in Resources */,
				0F67D1BA20071F7100B52CEE /* GameScenePad.sks in Resources */,
				0F67D1B820071F6000B52CEE /* GameScenePhone.sks in Resources */,
			);
			runOnlyForDeploymentPostprocessing = 0;
		};
		0F67D1A020071CDE00B52CEE /* Resources */ = {
			isa = PBXResourcesBuildPhase;
			buildActionMask = 2147483647;
			files = (
				0F346D6320072ADF00C2002C /* BoardData.plist in Resources */,
				0F67D1B020071CDE00B52CEE /* Main.storyboard in Resources */,
				0F67D1A720071CDE00B52CEE /* GameSceneTV.sks in Resources */,
				0F67D1B220071CDE00B52CEE /* Assets.xcassets in Resources */,
				0F67D1BE20071FD900B52CEE /* Game.xcassets in Resources */,
			);
			runOnlyForDeploymentPostprocessing = 0;
		};
/* End PBXResourcesBuildPhase section */

/* Begin PBXSourcesBuildPhase section */
		0F67D17F2007193200B52CEE /* Sources */ = {
			isa = PBXSourcesBuildPhase;
			buildActionMask = 2147483647;
			files = (
				0F301D772008478B00D1FACA /* GameScene+Touches.swift in Sources */,
				0F67D1BB20071FB800B52CEE /* GameScene.swift in Sources */,
				0F67D1BC20071FB800B52CEE /* GameViewController.swift in Sources */,
				0F67D1872007193200B52CEE /* AppDelegate.swift in Sources */,
				0F301D742008475100D1FACA /* GameScene+Update.swift in Sources */,
				0F301D71200846A900D1FACA /* GameScene+PropertyList.swift in Sources */,
			);
			runOnlyForDeploymentPostprocessing = 0;
		};
		0F67D19E20071CDE00B52CEE /* Sources */ = {
			isa = PBXSourcesBuildPhase;
			buildActionMask = 2147483647;
			files = (
				0F301D782008478B00D1FACA /* GameScene+Touches.swift in Sources */,
				0F67D1AB20071CDE00B52CEE /* GameScene.swift in Sources */,
				0F67D1AD20071CDE00B52CEE /* GameViewController.swift in Sources */,
				0F67D1A520071CDE00B52CEE /* AppDelegate.swift in Sources */,
				0F301D752008475100D1FACA /* GameScene+Update.swift in Sources */,
				0F301D72200846A900D1FACA /* GameScene+PropertyList.swift in Sources */,
			);
			runOnlyForDeploymentPostprocessing = 0;
		};
/* End PBXSourcesBuildPhase section */

/* Begin PBXVariantGroup section */
		0F67D1902007193200B52CEE /* Main.storyboard */ = {
			isa = PBXVariantGroup;
			children = (
				0F67D1912007193200B52CEE /* Base */,
			);
			name = Main.storyboard;
			sourceTree = "<group>";
		};
		0F67D1952007193200B52CEE /* LaunchScreen.storyboard */ = {
			isa = PBXVariantGroup;
			children = (
				0F67D1962007193200B52CEE /* Base */,
			);
			name = LaunchScreen.storyboard;
			sourceTree = "<group>";
		};
		0F67D1AE20071CDE00B52CEE /* Main.storyboard */ = {
			isa = PBXVariantGroup;
			children = (
				0F67D1AF20071CDE00B52CEE /* Base */,
			);
			name = Main.storyboard;
			sourceTree = "<group>";
		};
/* End PBXVariantGroup section */

/* Begin XCBuildConfiguration section */
		0F67D1992007193200B52CEE /* Debug */ = {
			isa = XCBuildConfiguration;
			buildSettings = {
				ALWAYS_SEARCH_USER_PATHS = NO;
				CLANG_ANALYZER_NONNULL = YES;
				CLANG_ANALYZER_NUMBER_OBJECT_CONVERSION = YES_AGGRESSIVE;
				CLANG_CXX_LANGUAGE_STANDARD = "gnu++14";
				CLANG_CXX_LIBRARY = "libc++";
				CLANG_ENABLE_MODULES = YES;
				CLANG_ENABLE_OBJC_ARC = YES;
				CLANG_WARN_BLOCK_CAPTURE_AUTORELEASING = YES;
				CLANG_WARN_BOOL_CONVERSION = YES;
				CLANG_WARN_COMMA = YES;
				CLANG_WARN_CONSTANT_CONVERSION = YES;
				CLANG_WARN_DIRECT_OBJC_ISA_USAGE = YES_ERROR;
				CLANG_WARN_DOCUMENTATION_COMMENTS = YES;
				CLANG_WARN_EMPTY_BODY = YES;
				CLANG_WARN_ENUM_CONVERSION = YES;
				CLANG_WARN_INFINITE_RECURSION = YES;
				CLANG_WARN_INT_CONVERSION = YES;
				CLANG_WARN_NON_LITERAL_NULL_CONVERSION = YES;
				CLANG_WARN_OBJC_LITERAL_CONVERSION = YES;
				CLANG_WARN_OBJC_ROOT_CLASS = YES_ERROR;
				CLANG_WARN_RANGE_LOOP_ANALYSIS = YES;
				CLANG_WARN_STRICT_PROTOTYPES = YES;
				CLANG_WARN_SUSPICIOUS_MOVE = YES;
				CLANG_WARN_UNGUARDED_AVAILABILITY = YES_AGGRESSIVE;
				CLANG_WARN_UNREACHABLE_CODE = YES;
				CLANG_WARN__DUPLICATE_METHOD_MATCH = YES;
				CODE_SIGN_IDENTITY = "iPhone Developer";
				COPY_PHASE_STRIP = NO;
				DEBUG_INFORMATION_FORMAT = dwarf;
				ENABLE_STRICT_OBJC_MSGSEND = YES;
				ENABLE_TESTABILITY = YES;
				GCC_C_LANGUAGE_STANDARD = gnu11;
				GCC_DYNAMIC_NO_PIC = NO;
				GCC_NO_COMMON_BLOCKS = YES;
				GCC_OPTIMIZATION_LEVEL = 0;
				GCC_PREPROCESSOR_DEFINITIONS = (
					"DEBUG=1",
					"$(inherited)",
				);
				GCC_WARN_64_TO_32_BIT_CONVERSION = YES;
				GCC_WARN_ABOUT_RETURN_TYPE = YES_ERROR;
				GCC_WARN_UNDECLARED_SELECTOR = YES;
				GCC_WARN_UNINITIALIZED_AUTOS = YES_AGGRESSIVE;
				GCC_WARN_UNUSED_FUNCTION = YES;
				GCC_WARN_UNUSED_VARIABLE = YES;
				IPHONEOS_DEPLOYMENT_TARGET = 11.2;
				MTL_ENABLE_DEBUG_INFO = YES;
				ONLY_ACTIVE_ARCH = YES;
				SDKROOT = iphoneos;
				SWIFT_ACTIVE_COMPILATION_CONDITIONS = DEBUG;
				SWIFT_OPTIMIZATION_LEVEL = "-Onone";
			};
			name = Debug;
		};
		0F67D19A2007193200B52CEE /* Release */ = {
			isa = XCBuildConfiguration;
			buildSettings = {
				ALWAYS_SEARCH_USER_PATHS = NO;
				CLANG_ANALYZER_NONNULL = YES;
				CLANG_ANALYZER_NUMBER_OBJECT_CONVERSION = YES_AGGRESSIVE;
				CLANG_CXX_LANGUAGE_STANDARD = "gnu++14";
				CLANG_CXX_LIBRARY = "libc++";
				CLANG_ENABLE_MODULES = YES;
				CLANG_ENABLE_OBJC_ARC = YES;
				CLANG_WARN_BLOCK_CAPTURE_AUTORELEASING = YES;
				CLANG_WARN_BOOL_CONVERSION = YES;
				CLANG_WARN_COMMA = YES;
				CLANG_WARN_CONSTANT_CONVERSION = YES;
				CLANG_WARN_DIRECT_OBJC_ISA_USAGE = YES_ERROR;
				CLANG_WARN_DOCUMENTATION_COMMENTS = YES;
				CLANG_WARN_EMPTY_BODY = YES;
				CLANG_WARN_ENUM_CONVERSION = YES;
				CLANG_WARN_INFINITE_RECURSION = YES;
				CLANG_WARN_INT_CONVERSION = YES;
				CLANG_WARN_NON_LITERAL_NULL_CONVERSION = YES;
				CLANG_WARN_OBJC_LITERAL_CONVERSION = YES;
				CLANG_WARN_OBJC_ROOT_CLASS = YES_ERROR;
				CLANG_WARN_RANGE_LOOP_ANALYSIS = YES;
				CLANG_WARN_STRICT_PROTOTYPES = YES;
				CLANG_WARN_SUSPICIOUS_MOVE = YES;
				CLANG_WARN_UNGUARDED_AVAILABILITY = YES_AGGRESSIVE;
				CLANG_WARN_UNREACHABLE_CODE = YES;
				CLANG_WARN__DUPLICATE_METHOD_MATCH = YES;
				CODE_SIGN_IDENTITY = "iPhone Developer";
				COPY_PHASE_STRIP = NO;
				DEBUG_INFORMATION_FORMAT = "dwarf-with-dsym";
				ENABLE_NS_ASSERTIONS = NO;
				ENABLE_STRICT_OBJC_MSGSEND = YES;
				GCC_C_LANGUAGE_STANDARD = gnu11;
				GCC_NO_COMMON_BLOCKS = YES;
				GCC_WARN_64_TO_32_BIT_CONVERSION = YES;
				GCC_WARN_ABOUT_RETURN_TYPE = YES_ERROR;
				GCC_WARN_UNDECLARED_SELECTOR = YES;
				GCC_WARN_UNINITIALIZED_AUTOS = YES_AGGRESSIVE;
				GCC_WARN_UNUSED_FUNCTION = YES;
				GCC_WARN_UNUSED_VARIABLE = YES;
				IPHONEOS_DEPLOYMENT_TARGET = 11.2;
				MTL_ENABLE_DEBUG_INFO = NO;
				SDKROOT = iphoneos;
				SWIFT_OPTIMIZATION_LEVEL = "-Owholemodule";
				VALIDATE_PRODUCT = YES;
			};
			name = Release;
		};
		0F67D19C2007193200B52CEE /* Debug */ = {
			isa = XCBuildConfiguration;
			buildSettings = {
				ASSETCATALOG_COMPILER_APPICON_NAME = AppIcon;
				CODE_SIGN_STYLE = Automatic;
				DEVELOPMENT_TEAM = 7XMA2J8CD9;
				INFOPLIST_FILE = CardAndBoardGames/SupportingFiles/Info.plist;
				LD_RUNPATH_SEARCH_PATHS = "$(inherited) @executable_path/Frameworks";
				PRODUCT_BUNDLE_IDENTIFIER = com.milhizer.CardAndBoardGames;
				PRODUCT_NAME = "$(TARGET_NAME)";
				SWIFT_VERSION = 4.0;
				TARGETED_DEVICE_FAMILY = "1,2";
			};
			name = Debug;
		};
		0F67D19D2007193200B52CEE /* Release */ = {
			isa = XCBuildConfiguration;
			buildSettings = {
				ASSETCATALOG_COMPILER_APPICON_NAME = AppIcon;
				CODE_SIGN_STYLE = Automatic;
				DEVELOPMENT_TEAM = 7XMA2J8CD9;
				INFOPLIST_FILE = CardAndBoardGames/SupportingFiles/Info.plist;
				LD_RUNPATH_SEARCH_PATHS = "$(inherited) @executable_path/Frameworks";
				PRODUCT_BUNDLE_IDENTIFIER = com.milhizer.CardAndBoardGames;
				PRODUCT_NAME = "$(TARGET_NAME)";
				SWIFT_VERSION = 4.0;
				TARGETED_DEVICE_FAMILY = "1,2";
			};
			name = Release;
		};
		0F67D1B520071CDE00B52CEE /* Debug */ = {
			isa = XCBuildConfiguration;
			buildSettings = {
				ASSETCATALOG_COMPILER_APPICON_NAME = "App Icon & Top Shelf Image";
				ASSETCATALOG_COMPILER_LAUNCHIMAGE_NAME = LaunchImage;
				CODE_SIGN_STYLE = Automatic;
				DEVELOPMENT_TEAM = 7XMA2J8CD9;
				INFOPLIST_FILE = CardAndBoardGamesTV/SupportingFiles/Info.plist;
				LD_RUNPATH_SEARCH_PATHS = "$(inherited) @executable_path/Frameworks";
				PRODUCT_BUNDLE_IDENTIFIER = com.milhizer.CardAndBoardGamesTV;
				PRODUCT_NAME = "$(TARGET_NAME)";
				SDKROOT = appletvos;
				SWIFT_VERSION = 4.0;
				TARGETED_DEVICE_FAMILY = 3;
				TVOS_DEPLOYMENT_TARGET = 11.2;
			};
			name = Debug;
		};
		0F67D1B620071CDE00B52CEE /* Release */ = {
			isa = XCBuildConfiguration;
			buildSettings = {
				ASSETCATALOG_COMPILER_APPICON_NAME = "App Icon & Top Shelf Image";
				ASSETCATALOG_COMPILER_LAUNCHIMAGE_NAME = LaunchImage;
				CODE_SIGN_STYLE = Automatic;
				DEVELOPMENT_TEAM = 7XMA2J8CD9;
				INFOPLIST_FILE = CardAndBoardGamesTV/SupportingFiles/Info.plist;
				LD_RUNPATH_SEARCH_PATHS = "$(inherited) @executable_path/Frameworks";
				PRODUCT_BUNDLE_IDENTIFIER = com.milhizer.CardAndBoardGamesTV;
				PRODUCT_NAME = "$(TARGET_NAME)";
				SDKROOT = appletvos;
				SWIFT_VERSION = 4.0;
				TARGETED_DEVICE_FAMILY = 3;
				TVOS_DEPLOYMENT_TARGET = 11.2;
			};
			name = Release;
		};
/* End XCBuildConfiguration section */

/* Begin XCConfigurationList section */
		0F67D17E2007193200B52CEE /* Build configuration list for PBXProject "CardAndBoardGames" */ = {
			isa = XCConfigurationList;
			buildConfigurations = (
				0F67D1992007193200B52CEE /* Debug */,
				0F67D19A2007193200B52CEE /* Release */,
			);
			defaultConfigurationIsVisible = 0;
			defaultConfigurationName = Release;
		};
		0F67D19B2007193200B52CEE /* Build configuration list for PBXNativeTarget "CardAndBoardGames" */ = {
			isa = XCConfigurationList;
			buildConfigurations = (
				0F67D19C2007193200B52CEE /* Debug */,
				0F67D19D2007193200B52CEE /* Release */,
			);
			defaultConfigurationIsVisible = 0;
			defaultConfigurationName = Release;
		};
		0F67D1B420071CDE00B52CEE /* Build configuration list for PBXNativeTarget "CardAndBoardGamesTV" */ = {
			isa = XCConfigurationList;
			buildConfigurations = (
				0F67D1B520071CDE00B52CEE /* Debug */,
				0F67D1B620071CDE00B52CEE /* Release */,
			);
			defaultConfigurationIsVisible = 0;
			defaultConfigurationName = Release;
		};
/* End XCConfigurationList section */
	};
	rootObject = 0F67D17B2007193200B52CEE /* Project object */;
}
